# This file is automatically @generated by Poetry 1.8.5 and should not be changed by hand.

[[package]]
name = "miss-hit"
version = "0.9.44"
description = "Static analysis and other utilities for programs written in the MATLAB/Simulink and Octave languages."
optional = false
python-versions = "<4,>=3.7"
files = [
    {file = "miss_hit-0.9.44-py3-none-any.whl", hash = "sha256:8416c42123960fad515f40b6129104ed09a84688e3efd07839d0fbfc2052bdde"},
    {file = "miss_hit-0.9.44.tar.gz", hash = "sha256:c0705b07bc4bdb54f803889c721058871cadfe20c7dc650867818b2d45e7a4ae"},
]

[package.dependencies]
miss-hit-core = "0.9.44"

[[package]]
name = "miss-hit-core"
version = "0.9.44"
description = "Code formatting and code metrics for programs written in the MATLAB/Simulink and Octave languages."
optional = false
python-versions = "<4,>=3.7"
files = [
    {file = "miss_hit_core-0.9.44-py3-none-any.whl", hash = "sha256:899f0b1a7d6d7a11d5435ffd5c528aa2fb9483c881cdf5ede3fcd9ea20fb8f9c"},
    {file = "miss_hit_core-0.9.44.tar.gz", hash = "sha256:1c91601ff1dbf7ef217c46028fedbb940b15501d5e52fa393e91e81fc7f1b2b9"},
]

[metadata]
lock-version = "2.0"
python-versions = "^3.10"
content-hash = "492829f9c37a55ba3fdbf141318ba2cd768fc7b83a9d1550fd39f81ed0273c18"
